
Microsoft Visual Studio Solution File, Format Version 12.00
# Visual Studio 2012
Project("{2150E333-8FDC-42A3-9474-1A3956D46DE8}") = "Solution Items", "Solution Items", "{D8345918-9FF8-409D-902F-89082BC14441}"
EndProject
Project("{2150E333-8FDC-42A3-9474-1A3956D46DE8}") = "src", "src", "{7D9A7F86-59BC-4AE1-9D81-88F8E5FB31AC}"
EndProject
Project("{2150E333-8FDC-42A3-9474-1A3956D46DE8}") = "tests", "tests", "{FD8E29FD-2394-49F1-89D7-77E242197062}"
EndProject
Project("{2150E333-8FDC-42A3-9474-1A3956D46DE8}") = "Database", "Database", "{3DA7BA9E-374C-47CB-A987-7FBB0B2BDA08}"
EndProject
Project("{2150E333-8FDC-42A3-9474-1A3956D46DE8}") = "Modules", "Modules", "{2934DEEE-5BB6-4DEF-8864-5D8D05C2DE45}"
EndProject
Project("{2150E333-8FDC-42A3-9474-1A3956D46DE8}") = "Infrastuctures", "Infrastuctures", "{25CF055D-1332-451C-B2EC-0F72A8E4D4F3}"
EndProject
Project("{2150E333-8FDC-42A3-9474-1A3956D46DE8}") = "WebHost", "WebHost", "{35CC2633-BE52-48B2-AB52-CE9B758FEF8C}"
EndProject
Project("{FAE04EC0-301F-11D3-BF4B-00C04F79EFBC}") = "FindDISC", "src\WebHost\FindDISC\FindDISC.csproj", "{C4CE6F8C-A523-4ABE-A70B-9046FF1B4527}"
EndProject
Global
	GlobalSection(SolutionConfigurationPlatforms) = preSolution
		Debug|Any CPU = Debug|Any CPU
		Release|Any CPU = Release|Any CPU
	EndGlobalSection
	GlobalSection(ProjectConfigurationPlatforms) = postSolution
		{C4CE6F8C-A523-4ABE-A70B-9046FF1B4527}.Debug|Any CPU.ActiveCfg = Debug|Any CPU
		{C4CE6F8C-A523-4ABE-A70B-9046FF1B4527}.Debug|Any CPU.Build.0 = Debug|Any CPU
		{C4CE6F8C-A523-4ABE-A70B-9046FF1B4527}.Release|Any CPU.ActiveCfg = Release|Any CPU
		{C4CE6F8C-A523-4ABE-A70B-9046FF1B4527}.Release|Any CPU.Build.0 = Release|Any CPU
	EndGlobalSection
	GlobalSection(NestedProjects) = preSolution
		{3DA7BA9E-374C-47CB-A987-7FBB0B2BDA08} = {7D9A7F86-59BC-4AE1-9D81-88F8E5FB31AC}
		{2934DEEE-5BB6-4DEF-8864-5D8D05C2DE45} = {7D9A7F86-59BC-4AE1-9D81-88F8E5FB31AC}
		{25CF055D-1332-451C-B2EC-0F72A8E4D4F3} = {7D9A7F86-59BC-4AE1-9D81-88F8E5FB31AC}
		{35CC2633-BE52-48B2-AB52-CE9B758FEF8C} = {7D9A7F86-59BC-4AE1-9D81-88F8E5FB31AC}
		{C4CE6F8C-A523-4ABE-A70B-9046FF1B4527} = {35CC2633-BE52-48B2-AB52-CE9B758FEF8C}
	EndGlobalSection
EndGlobal
